<?xml version="1.0" encoding="utf-8"?>
<Project ToolsVersion="12.0" xmlns="http://schemas.microsoft.com/developer/msbuild/2003">
  <ItemGroup>
    <Filter Include="Assets">
      <UniqueIdentifier>{45985df7-49ce-47c4-b223-f9139ad040bb}</UniqueIdentifier>
      <Extensions>bmp;fbx;gif;jpg;jpeg;tga;tiff;tif;png</Extensions>
    </Filter>
    <Filter Include="Assets\Stage1">
      <UniqueIdentifier>{d99ce11d-d31e-4b3d-a1b4-5651f7e11f96}</UniqueIdentifier>
    </Filter>
    <Filter Include="Assets\Stage2">
      <UniqueIdentifier>{f9fbef40-c0f7-4a8a-921d-d6809f084dd2}</UniqueIdentifier>
    </Filter>
    <Filter Include="Assets\Stage3">
      <UniqueIdentifier>{633f9102-86f8-4a88-9664-ea4f53d92e71}</UniqueIdentifier>
    </Filter>
  </ItemGroup>
  <ItemGroup>
    <Page Include="MainPage.xaml" />
    <Page Include="Page1.xaml" />
    <Page Include="Stage1.xaml" />
    <Page Include="Stage2.xaml" />
    <Page Include="Stage3.xaml" />
  </ItemGroup>
  <ItemGroup>
    <ClCompile Include="MainPage.xaml.cpp" />
    <ClCompile Include="Page1.xaml.cpp" />
    <ClCompile Include="Stage1.xaml.cpp" />
    <ClCompile Include="Stage2.xaml.cpp" />
    <ClCompile Include="Stage3.xaml.cpp" />
  </ItemGroup>
  <ItemGroup>
    <ClInclude Include="MainPage.xaml.h" />
    <ClInclude Include="Page1.xaml.h" />
    <ClInclude Include="Stage1.xaml.h" />
    <ClInclude Include="Stage2.xaml.h" />
    <ClInclude Include="Stage3.xaml.h" />
  </ItemGroup>
  <ItemGroup>
    <AppxManifest Include="Package.appxmanifest" />
  </ItemGroup>
  <ItemGroup>
    <None Include="App2.Windows_TemporaryKey.pfx" />
  </ItemGroup>
  <ItemGroup>
    <Image Include="Assets\Logo.scale-100.png">
      <Filter>Assets</Filter>
    </Image>
    <Image Include="Assets\SmallLogo.scale-100.png">
      <Filter>Assets</Filter>
    </Image>
    <Image Include="Assets\StoreLogo.scale-100.png">
      <Filter>Assets</Filter>
    </Image>
    <Image Include="Assets\SplashScreen.scale-100.png">
      <Filter>Assets</Filter>
    </Image>
    <Image Include="Assets\Stage1\1.png">
      <Filter>Assets\Stage1</Filter>
    </Image>
    <Image Include="Assets\Stage1\2.png">
      <Filter>Assets\Stage1</Filter>
    </Image>
    <Image Include="Assets\Stage1\3.png">
      <Filter>Assets\Stage1</Filter>
    </Image>
    <Image Include="Assets\Stage1\4.png">
      <Filter>Assets\Stage1</Filter>
    </Image>
    <Image Include="Assets\Stage1\5.png">
      <Filter>Assets\Stage1</Filter>
    </Image>
    <Image Include="Assets\Stage2\1.png">
      <Filter>Assets\Stage2</Filter>
    </Image>
    <Image Include="Assets\Stage2\2.png">
      <Filter>Assets\Stage2</Filter>
    </Image>
    <Image Include="Assets\Stage2\3.png">
      <Filter>Assets\Stage2</Filter>
    </Image>
    <Image Include="Assets\Stage2\4.png">
      <Filter>Assets\Stage2</Filter>
    </Image>
    <Image Include="Assets\Stage2\5.png">
      <Filter>Assets\Stage2</Filter>
    </Image>
    <Image Include="Assets\Stage3\1.png">
      <Filter>Assets\Stage3</Filter>
    </Image>
    <Image Include="Assets\Stage3\2.png">
      <Filter>Assets\Stage3</Filter>
    </Image>
    <Image Include="Assets\Stage3\3.png">
      <Filter>Assets\Stage3</Filter>
    </Image>
    <Image Include="Assets\Stage3\4.png">
      <Filter>Assets\Stage3</Filter>
    </Image>
    <Image Include="Assets\Stage3\5.png">
      <Filter>Assets\Stage3</Filter>
    </Image>
  </ItemGroup>
</Project>